
Microsoft Visual Studio Solution File, Format Version 12.00
# Visual Studio 14
VisualStudioVersion = 14.0.23107.0
MinimumVisualStudioVersion = 10.0.40219.1
Project("{FAE04EC0-301F-11D3-BF4B-00C04F79EFBC}") = "Mobile.Core", "Mobile.Core\Mobile.Core.csproj", "{AF6973C3-B022-431D-99E9-259A60AD1ED0}"
EndProject
Project("{FAE04EC0-301F-11D3-BF4B-00C04F79EFBC}") = "Mobile.Android", "Mobile.Android\Mobile.Android.csproj", "{C2E35401-362C-4691-8200-17565CB9E47A}"
EndProject
Project("{FAE04EC0-301F-11D3-BF4B-00C04F79EFBC}") = "Mobile.iOS", "Mobile.iOS\Mobile.iOS.csproj", "{66CF6189-52B1-4541-BCC8-40D4337AB220}"
EndProject
Project("{FAE04EC0-301F-11D3-BF4B-00C04F79EFBC}") = "Mobile.UWP", "Mobile.UWP\Mobile.UWP.csproj", "{E4F7F2EF-181F-4E8C-8883-D83B776299F6}"
EndProject
Project("{2150E333-8FDC-42A3-9474-1A3956D46DE8}") = "Common", "Common", "{32EA7E63-A1FD-4A38-985E-8B7CE57C4DB6}"
EndProject
Global
	GlobalSection(SolutionConfigurationPlatforms) = preSolution
		Ad-Hoc|Any CPU = Ad-Hoc|Any CPU
		Ad-Hoc|ARM = Ad-Hoc|ARM
		Ad-Hoc|iPhone = Ad-Hoc|iPhone
		Ad-Hoc|iPhoneSimulator = Ad-Hoc|iPhoneSimulator
		Ad-Hoc|x64 = Ad-Hoc|x64
		Ad-Hoc|x86 = Ad-Hoc|x86
		AppStore|Any CPU = AppStore|Any CPU
		AppStore|ARM = AppStore|ARM
		AppStore|iPhone = AppStore|iPhone
		AppStore|iPhoneSimulator = AppStore|iPhoneSimulator
		AppStore|x64 = AppStore|x64
		AppStore|x86 = AppStore|x86
		Debug|Any CPU = Debug|Any CPU
		Debug|ARM = Debug|ARM
		Debug|iPhone = Debug|iPhone
		Debug|iPhoneSimulator = Debug|iPhoneSimulator
		Debug|x64 = Debug|x64
		Debug|x86 = Debug|x86
		Release|Any CPU = Release|Any CPU
		Release|ARM = Release|ARM
		Release|iPhone = Release|iPhone
		Release|iPhoneSimulator = Release|iPhoneSimulator
		Release|x64 = Release|x64
		Release|x86 = Release|x86
	EndGlobalSection
	GlobalSection(ProjectConfigurationPlatforms) = postSolution
		{AF6973C3-B022-431D-99E9-259A60AD1ED0}.Ad-Hoc|Any CPU.ActiveCfg = Release|Any CPU
		{AF6973C3-B022-431D-99E9-259A60AD1ED0}.Ad-Hoc|Any CPU.Build.0 = Release|Any CPU
		{AF6973C3-B022-431D-99E9-259A60AD1ED0}.Ad-Hoc|ARM.ActiveCfg = Release|Any CPU
		{AF6973C3-B022-431D-99E9-259A60AD1ED0}.Ad-Hoc|ARM.Build.0 = Release|Any CPU
		{AF6973C3-B022-431D-99E9-259A60AD1ED0}.Ad-Hoc|iPhone.ActiveCfg = Release|Any CPU
		{AF6973C3-B022-431D-99E9-259A60AD1ED0}.Ad-Hoc|iPhone.Build.0 = Release|Any CPU
		{AF6973C3-B022-431D-99E9-259A60AD1ED0}.Ad-Hoc|iPhoneSimulator.ActiveCfg = Release|Any CPU
		{AF6973C3-B022-431D-99E9-259A60AD1ED0}.Ad-Hoc|iPhoneSimulator.Build.0 = Release|Any CPU
		{AF6973C3-B022-431D-99E9-259A60AD1ED0}.Ad-Hoc|x64.ActiveCfg = Release|Any CPU
		{AF6973C3-B022-431D-99E9-259A60AD1ED0}.Ad-Hoc|x64.Build.0 = Release|Any CPU
		{AF6973C3-B022-431D-99E9-259A60AD1ED0}.Ad-Hoc|x86.ActiveCfg = Release|Any CPU
		{AF6973C3-B022-431D-99E9-259A60AD1ED0}.Ad-Hoc|x86.Build.0 = Release|Any CPU
		{AF6973C3-B022-431D-99E9-259A60AD1ED0}.AppStore|Any CPU.ActiveCfg = Release|Any CPU
		{AF6973C3-B022-431D-99E9-259A60AD1ED0}.AppStore|Any CPU.Build.0 = Release|Any CPU
		{AF6973C3-B022-431D-99E9-259A60AD1ED0}.AppStore|ARM.ActiveCfg = Release|Any CPU
		{AF6973C3-B022-431D-99E9-259A60AD1ED0}.AppStore|ARM.Build.0 = Release|Any CPU
		{AF6973C3-B022-431D-99E9-259A60AD1ED0}.AppStore|iPhone.ActiveCfg = Release|Any CPU
		{AF6973C3-B022-431D-99E9-259A60AD1ED0}.AppStore|iPhone.Build.0 = Release|Any CPU
		{AF6973C3-B022-431D-99E9-259A60AD1ED0}.AppStore|iPhoneSimulator.ActiveCfg = Release|Any CPU
		{AF6973C3-B022-431D-99E9-259A60AD1ED0}.AppStore|iPhoneSimulator.Build.0 = Release|Any CPU
		{AF6973C3-B022-431D-99E9-259A60AD1ED0}.AppStore|x64.ActiveCfg = Release|Any CPU
		{AF6973C3-B022-431D-99E9-259A60AD1ED0}.AppStore|x64.Build.0 = Release|Any CPU
		{AF6973C3-B022-431D-99E9-259A60AD1ED0}.AppStore|x86.ActiveCfg = Release|Any CPU
		{AF6973C3-B022-431D-99E9-259A60AD1ED0}.AppStore|x86.Build.0 = Release|Any CPU
		{AF6973C3-B022-431D-99E9-259A60AD1ED0}.Debug|Any CPU.ActiveCfg = Debug|Any CPU
		{AF6973C3-B022-431D-99E9-259A60AD1ED0}.Debug|Any CPU.Build.0 = Debug|Any CPU
		{AF6973C3-B022-431D-99E9-259A60AD1ED0}.Debug|ARM.ActiveCfg = Debug|Any CPU
		{AF6973C3-B022-431D-99E9-259A60AD1ED0}.Debug|ARM.Build.0 = Debug|Any CPU
		{AF6973C3-B022-431D-99E9-259A60AD1ED0}.Debug|iPhone.ActiveCfg = Debug|Any CPU
		{AF6973C3-B022-431D-99E9-259A60AD1ED0}.Debug|iPhone.Build.0 = Debug|Any CPU
		{AF6973C3-B022-431D-99E9-259A60AD1ED0}.Debug|iPhoneSimulator.ActiveCfg = Debug|Any CPU
		{AF6973C3-B022-431D-99E9-259A60AD1ED0}.Debug|iPhoneSimulator.Build.0 = Debug|Any CPU
		{AF6973C3-B022-431D-99E9-259A60AD1ED0}.Debug|x64.ActiveCfg = Debug|Any CPU
		{AF6973C3-B022-431D-99E9-259A60AD1ED0}.Debug|x64.Build.0 = Debug|Any CPU
		{AF6973C3-B022-431D-99E9-259A60AD1ED0}.Debug|x86.ActiveCfg = Debug|Any CPU
		{AF6973C3-B022-431D-99E9-259A60AD1ED0}.Debug|x86.Build.0 = Debug|Any CPU
		{AF6973C3-B022-431D-99E9-259A60AD1ED0}.Release|Any CPU.ActiveCfg = Release|Any CPU
		{AF6973C3-B022-431D-99E9-259A60AD1ED0}.Release|Any CPU.Build.0 = Release|Any CPU
		{AF6973C3-B022-431D-99E9-259A60AD1ED0}.Release|ARM.ActiveCfg = Release|Any CPU
		{AF6973C3-B022-431D-99E9-259A60AD1ED0}.Release|ARM.Build.0 = Release|Any CPU
		{AF6973C3-B022-431D-99E9-259A60AD1ED0}.Release|iPhone.ActiveCfg = Release|Any CPU
		{AF6973C3-B022-431D-99E9-259A60AD1ED0}.Release|iPhone.Build.0 = Release|Any CPU
		{AF6973C3-B022-431D-99E9-259A60AD1ED0}.Release|iPhoneSimulator.ActiveCfg = Release|Any CPU
		{AF6973C3-B022-431D-99E9-259A60AD1ED0}.Release|iPhoneSimulator.Build.0 = Release|Any CPU
		{AF6973C3-B022-431D-99E9-259A60AD1ED0}.Release|x64.ActiveCfg = Release|Any CPU
		{AF6973C3-B022-431D-99E9-259A60AD1ED0}.Release|x64.Build.0 = Release|Any CPU
		{AF6973C3-B022-431D-99E9-259A60AD1ED0}.Release|x86.ActiveCfg = Release|Any CPU
		{AF6973C3-B022-431D-99E9-259A60AD1ED0}.Release|x86.Build.0 = Release|Any CPU
		{C2E35401-362C-4691-8200-17565CB9E47A}.Ad-Hoc|Any CPU.ActiveCfg = Release|Any CPU
		{C2E35401-362C-4691-8200-17565CB9E47A}.Ad-Hoc|Any CPU.Build.0 = Release|Any CPU
		{C2E35401-362C-4691-8200-17565CB9E47A}.Ad-Hoc|Any CPU.Deploy.0 = Release|Any CPU
		{C2E35401-362C-4691-8200-17565CB9E47A}.Ad-Hoc|ARM.ActiveCfg = Release|Any CPU
		{C2E35401-362C-4691-8200-17565CB9E47A}.Ad-Hoc|ARM.Build.0 = Release|Any CPU
		{C2E35401-362C-4691-8200-17565CB9E47A}.Ad-Hoc|ARM.Deploy.0 = Release|Any CPU
		{C2E35401-362C-4691-8200-17565CB9E47A}.Ad-Hoc|iPhone.ActiveCfg = Release|Any CPU
		{C2E35401-362C-4691-8200-17565CB9E47A}.Ad-Hoc|iPhone.Build.0 = Release|Any CPU
		{C2E35401-362C-4691-8200-17565CB9E47A}.Ad-Hoc|iPhone.Deploy.0 = Release|Any CPU
		{C2E35401-362C-4691-8200-17565CB9E47A}.Ad-Hoc|iPhoneSimulator.ActiveCfg = Release|Any CPU
		{C2E35401-362C-4691-8200-17565CB9E47A}.Ad-Hoc|iPhoneSimulator.Build.0 = Release|Any CPU
		{C2E35401-362C-4691-8200-17565CB9E47A}.Ad-Hoc|iPhoneSimulator.Deploy.0 = Release|Any CPU
		{C2E35401-362C-4691-8200-17565CB9E47A}.Ad-Hoc|x64.ActiveCfg = Release|Any CPU
		{C2E35401-362C-4691-8200-17565CB9E47A}.Ad-Hoc|x64.Build.0 = Release|Any CPU
		{C2E35401-362C-4691-8200-17565CB9E47A}.Ad-Hoc|x64.Deploy.0 = Release|Any CPU
		{C2E35401-362C-4691-8200-17565CB9E47A}.Ad-Hoc|x86.ActiveCfg = Release|Any CPU
		{C2E35401-362C-4691-8200-17565CB9E47A}.Ad-Hoc|x86.Build.0 = Release|Any CPU
		{C2E35401-362C-4691-8200-17565CB9E47A}.Ad-Hoc|x86.Deploy.0 = Release|Any CPU
		{C2E35401-362C-4691-8200-17565CB9E47A}.AppStore|Any CPU.ActiveCfg = Release|Any CPU
		{C2E35401-362C-4691-8200-17565CB9E47A}.AppStore|Any CPU.Build.0 = Release|Any CPU
		{C2E35401-362C-4691-8200-17565CB9E47A}.AppStore|Any CPU.Deploy.0 = Release|Any CPU
		{C2E35401-362C-4691-8200-17565CB9E47A}.AppStore|ARM.ActiveCfg = Release|Any CPU
		{C2E35401-362C-4691-8200-17565CB9E47A}.AppStore|ARM.Build.0 = Release|Any CPU
		{C2E35401-362C-4691-8200-17565CB9E47A}.AppStore|ARM.Deploy.0 = Release|Any CPU
		{C2E35401-362C-4691-8200-17565CB9E47A}.AppStore|iPhone.ActiveCfg = Release|Any CPU
		{C2E35401-362C-4691-8200-17565CB9E47A}.AppStore|iPhone.Build.0 = Release|Any CPU
		{C2E35401-362C-4691-8200-17565CB9E47A}.AppStore|iPhone.Deploy.0 = Release|Any CPU
		{C2E35401-362C-4691-8200-17565CB9E47A}.AppStore|iPhoneSimulator.ActiveCfg = Release|Any CPU
		{C2E35401-362C-4691-8200-17565CB9E47A}.AppStore|iPhoneSimulator.Build.0 = Release|Any CPU
		{C2E35401-362C-4691-8200-17565CB9E47A}.AppStore|iPhoneSimulator.Deploy.0 = Release|Any CPU
		{C2E35401-362C-4691-8200-17565CB9E47A}.AppStore|x64.ActiveCfg = Release|Any CPU
		{C2E35401-362C-4691-8200-17565CB9E47A}.AppStore|x64.Build.0 = Release|Any CPU
		{C2E35401-362C-4691-8200-17565CB9E47A}.AppStore|x64.Deploy.0 = Release|Any CPU
		{C2E35401-362C-4691-8200-17565CB9E47A}.AppStore|x86.ActiveCfg = Release|Any CPU
		{C2E35401-362C-4691-8200-17565CB9E47A}.AppStore|x86.Build.0 = Release|Any CPU
		{C2E35401-362C-4691-8200-17565CB9E47A}.AppStore|x86.Deploy.0 = Release|Any CPU
		{C2E35401-362C-4691-8200-17565CB9E47A}.Debug|Any CPU.ActiveCfg = Debug|Any CPU
		{C2E35401-362C-4691-8200-17565CB9E47A}.Debug|Any CPU.Build.0 = Debug|Any CPU
		{C2E35401-362C-4691-8200-17565CB9E47A}.Debug|Any CPU.Deploy.0 = Debug|Any CPU
		{C2E35401-362C-4691-8200-17565CB9E47A}.Debug|ARM.ActiveCfg = Debug|Any CPU
		{C2E35401-362C-4691-8200-17565CB9E47A}.Debug|ARM.Build.0 = Debug|Any CPU
		{C2E35401-362C-4691-8200-17565CB9E47A}.Debug|ARM.Deploy.0 = Debug|Any CPU
		{C2E35401-362C-4691-8200-17565CB9E47A}.Debug|iPhone.ActiveCfg = Debug|Any CPU
		{C2E35401-362C-4691-8200-17565CB9E47A}.Debug|iPhone.Build.0 = Debug|Any CPU
		{C2E35401-362C-4691-8200-17565CB9E47A}.Debug|iPhone.Deploy.0 = Debug|Any CPU
		{C2E35401-362C-4691-8200-17565CB9E47A}.Debug|iPhoneSimulator.ActiveCfg = Debug|Any CPU
		{C2E35401-362C-4691-8200-17565CB9E47A}.Debug|iPhoneSimulator.Build.0 = Debug|Any CPU
		{C2E35401-362C-4691-8200-17565CB9E47A}.Debug|iPhoneSimulator.Deploy.0 = Debug|Any CPU
		{C2E35401-362C-4691-8200-17565CB9E47A}.Debug|x64.ActiveCfg = Debug|Any CPU
		{C2E35401-362C-4691-8200-17565CB9E47A}.Debug|x64.Build.0 = Debug|Any CPU
		{C2E35401-362C-4691-8200-17565CB9E47A}.Debug|x64.Deploy.0 = Debug|Any CPU
		{C2E35401-362C-4691-8200-17565CB9E47A}.Debug|x86.ActiveCfg = Debug|Any CPU
		{C2E35401-362C-4691-8200-17565CB9E47A}.Debug|x86.Build.0 = Debug|Any CPU
		{C2E35401-362C-4691-8200-17565CB9E47A}.Debug|x86.Deploy.0 = Debug|Any CPU
		{C2E35401-362C-4691-8200-17565CB9E47A}.Release|Any CPU.ActiveCfg = Release|Any CPU
		{C2E35401-362C-4691-8200-17565CB9E47A}.Release|Any CPU.Build.0 = Release|Any CPU
		{C2E35401-362C-4691-8200-17565CB9E47A}.Release|Any CPU.Deploy.0 = Release|Any CPU
		{C2E35401-362C-4691-8200-17565CB9E47A}.Release|ARM.ActiveCfg = Release|Any CPU
		{C2E35401-362C-4691-8200-17565CB9E47A}.Release|ARM.Build.0 = Release|Any CPU
		{C2E35401-362C-4691-8200-17565CB9E47A}.Release|ARM.Deploy.0 = Release|Any CPU
		{C2E35401-362C-4691-8200-17565CB9E47A}.Release|iPhone.ActiveCfg = Release|Any CPU
		{C2E35401-362C-4691-8200-17565CB9E47A}.Release|iPhone.Build.0 = Release|Any CPU
		{C2E35401-362C-4691-8200-17565CB9E47A}.Release|iPhone.Deploy.0 = Release|Any CPU
		{C2E35401-362C-4691-8200-17565CB9E47A}.Release|iPhoneSimulator.ActiveCfg = Release|Any CPU
		{C2E35401-362C-4691-8200-17565CB9E47A}.Release|iPhoneSimulator.Build.0 = Release|Any CPU
		{C2E35401-362C-4691-8200-17565CB9E47A}.Release|iPhoneSimulator.Deploy.0 = Release|Any CPU
		{C2E35401-362C-4691-8200-17565CB9E47A}.Release|x64.ActiveCfg = Release|Any CPU
		{C2E35401-362C-4691-8200-17565CB9E47A}.Release|x64.Build.0 = Release|Any CPU
		{C2E35401-362C-4691-8200-17565CB9E47A}.Release|x64.Deploy.0 = Release|Any CPU
		{C2E35401-362C-4691-8200-17565CB9E47A}.Release|x86.ActiveCfg = Release|Any CPU
		{C2E35401-362C-4691-8200-17565CB9E47A}.Release|x86.Build.0 = Release|Any CPU
		{C2E35401-362C-4691-8200-17565CB9E47A}.Release|x86.Deploy.0 = Release|Any CPU
		{66CF6189-52B1-4541-BCC8-40D4337AB220}.Ad-Hoc|Any CPU.ActiveCfg = Ad-Hoc|iPhone
		{66CF6189-52B1-4541-BCC8-40D4337AB220}.Ad-Hoc|ARM.ActiveCfg = Ad-Hoc|iPhone
		{66CF6189-52B1-4541-BCC8-40D4337AB220}.Ad-Hoc|iPhone.ActiveCfg = Ad-Hoc|iPhone
		{66CF6189-52B1-4541-BCC8-40D4337AB220}.Ad-Hoc|iPhone.Build.0 = Ad-Hoc|iPhone
		{66CF6189-52B1-4541-BCC8-40D4337AB220}.Ad-Hoc|iPhoneSimulator.ActiveCfg = Ad-Hoc|iPhoneSimulator
		{66CF6189-52B1-4541-BCC8-40D4337AB220}.Ad-Hoc|iPhoneSimulator.Build.0 = Ad-Hoc|iPhoneSimulator
		{66CF6189-52B1-4541-BCC8-40D4337AB220}.Ad-Hoc|x64.ActiveCfg = Ad-Hoc|iPhone
		{66CF6189-52B1-4541-BCC8-40D4337AB220}.Ad-Hoc|x86.ActiveCfg = Ad-Hoc|iPhone
		{66CF6189-52B1-4541-BCC8-40D4337AB220}.AppStore|Any CPU.ActiveCfg = AppStore|iPhone
		{66CF6189-52B1-4541-BCC8-40D4337AB220}.AppStore|ARM.ActiveCfg = AppStore|iPhone
		{66CF6189-52B1-4541-BCC8-40D4337AB220}.AppStore|iPhone.ActiveCfg = AppStore|iPhone
		{66CF6189-52B1-4541-BCC8-40D4337AB220}.AppStore|iPhone.Build.0 = AppStore|iPhone
		{66CF6189-52B1-4541-BCC8-40D4337AB220}.AppStore|iPhoneSimulator.ActiveCfg = AppStore|iPhoneSimulator
		{66CF6189-52B1-4541-BCC8-40D4337AB220}.AppStore|iPhoneSimulator.Build.0 = AppStore|iPhoneSimulator
		{66CF6189-52B1-4541-BCC8-40D4337AB220}.AppStore|x64.ActiveCfg = AppStore|iPhone
		{66CF6189-52B1-4541-BCC8-40D4337AB220}.AppStore|x86.ActiveCfg = AppStore|iPhone
		{66CF6189-52B1-4541-BCC8-40D4337AB220}.Debug|Any CPU.ActiveCfg = Debug|iPhone
		{66CF6189-52B1-4541-BCC8-40D4337AB220}.Debug|ARM.ActiveCfg = Debug|iPhone
		{66CF6189-52B1-4541-BCC8-40D4337AB220}.Debug|iPhone.ActiveCfg = Debug|iPhone
		{66CF6189-52B1-4541-BCC8-40D4337AB220}.Debug|iPhone.Build.0 = Debug|iPhone
		{66CF6189-52B1-4541-BCC8-40D4337AB220}.Debug|iPhoneSimulator.ActiveCfg = Debug|iPhoneSimulator
		{66CF6189-52B1-4541-BCC8-40D4337AB220}.Debug|iPhoneSimulator.Build.0 = Debug|iPhoneSimulator
		{66CF6189-52B1-4541-BCC8-40D4337AB220}.Debug|x64.ActiveCfg = Debug|iPhone
		{66CF6189-52B1-4541-BCC8-40D4337AB220}.Debug|x86.ActiveCfg = Debug|iPhone
		{66CF6189-52B1-4541-BCC8-40D4337AB220}.Release|Any CPU.ActiveCfg = Release|iPhone
		{66CF6189-52B1-4541-BCC8-40D4337AB220}.Release|ARM.ActiveCfg = Release|iPhone
		{66CF6189-52B1-4541-BCC8-40D4337AB220}.Release|iPhone.ActiveCfg = Release|iPhone
		{66CF6189-52B1-4541-BCC8-40D4337AB220}.Release|iPhone.Build.0 = Release|iPhone
		{66CF6189-52B1-4541-BCC8-40D4337AB220}.Release|iPhoneSimulator.ActiveCfg = Release|iPhoneSimulator
		{66CF6189-52B1-4541-BCC8-40D4337AB220}.Release|iPhoneSimulator.Build.0 = Release|iPhoneSimulator
		{66CF6189-52B1-4541-BCC8-40D4337AB220}.Release|x64.ActiveCfg = Release|iPhone
		{66CF6189-52B1-4541-BCC8-40D4337AB220}.Release|x86.ActiveCfg = Release|iPhone
		{E4F7F2EF-181F-4E8C-8883-D83B776299F6}.Ad-Hoc|Any CPU.ActiveCfg = Release|x86
		{E4F7F2EF-181F-4E8C-8883-D83B776299F6}.Ad-Hoc|Any CPU.Build.0 = Release|x86
		{E4F7F2EF-181F-4E8C-8883-D83B776299F6}.Ad-Hoc|Any CPU.Deploy.0 = Release|x86
		{E4F7F2EF-181F-4E8C-8883-D83B776299F6}.Ad-Hoc|ARM.ActiveCfg = Release|ARM
		{E4F7F2EF-181F-4E8C-8883-D83B776299F6}.Ad-Hoc|ARM.Build.0 = Release|ARM
		{E4F7F2EF-181F-4E8C-8883-D83B776299F6}.Ad-Hoc|ARM.Deploy.0 = Release|ARM
		{E4F7F2EF-181F-4E8C-8883-D83B776299F6}.Ad-Hoc|iPhone.ActiveCfg = Release|x86
		{E4F7F2EF-181F-4E8C-8883-D83B776299F6}.Ad-Hoc|iPhone.Build.0 = Release|x86
		{E4F7F2EF-181F-4E8C-8883-D83B776299F6}.Ad-Hoc|iPhone.Deploy.0 = Release|x86
		{E4F7F2EF-181F-4E8C-8883-D83B776299F6}.Ad-Hoc|iPhoneSimulator.ActiveCfg = Release|x86
		{E4F7F2EF-181F-4E8C-8883-D83B776299F6}.Ad-Hoc|iPhoneSimulator.Build.0 = Release|x86
		{E4F7F2EF-181F-4E8C-8883-D83B776299F6}.Ad-Hoc|iPhoneSimulator.Deploy.0 = Release|x86
		{E4F7F2EF-181F-4E8C-8883-D83B776299F6}.Ad-Hoc|x64.ActiveCfg = Release|x64
		{E4F7F2EF-181F-4E8C-8883-D83B776299F6}.Ad-Hoc|x64.Build.0 = Release|x64
		{E4F7F2EF-181F-4E8C-8883-D83B776299F6}.Ad-Hoc|x64.Deploy.0 = Release|x64
		{E4F7F2EF-181F-4E8C-8883-D83B776299F6}.Ad-Hoc|x86.ActiveCfg = Release|x86
		{E4F7F2EF-181F-4E8C-8883-D83B776299F6}.Ad-Hoc|x86.Build.0 = Release|x86
		{E4F7F2EF-181F-4E8C-8883-D83B776299F6}.Ad-Hoc|x86.Deploy.0 = Release|x86
		{E4F7F2EF-181F-4E8C-8883-D83B776299F6}.AppStore|Any CPU.ActiveCfg = Release|x86
		{E4F7F2EF-181F-4E8C-8883-D83B776299F6}.AppStore|Any CPU.Build.0 = Release|x86
		{E4F7F2EF-181F-4E8C-8883-D83B776299F6}.AppStore|Any CPU.Deploy.0 = Release|x86
		{E4F7F2EF-181F-4E8C-8883-D83B776299F6}.AppStore|ARM.ActiveCfg = Release|ARM
		{E4F7F2EF-181F-4E8C-8883-D83B776299F6}.AppStore|ARM.Build.0 = Release|ARM
		{E4F7F2EF-181F-4E8C-8883-D83B776299F6}.AppStore|ARM.Deploy.0 = Release|ARM
		{E4F7F2EF-181F-4E8C-8883-D83B776299F6}.AppStore|iPhone.ActiveCfg = Release|x86
		{E4F7F2EF-181F-4E8C-8883-D83B776299F6}.AppStore|iPhone.Build.0 = Release|x86
		{E4F7F2EF-181F-4E8C-8883-D83B776299F6}.AppStore|iPhone.Deploy.0 = Release|x86
		{E4F7F2EF-181F-4E8C-8883-D83B776299F6}.AppStore|iPhoneSimulator.ActiveCfg = Release|x86
		{E4F7F2EF-181F-4E8C-8883-D83B776299F6}.AppStore|iPhoneSimulator.Build.0 = Release|x86
		{E4F7F2EF-181F-4E8C-8883-D83B776299F6}.AppStore|iPhoneSimulator.Deploy.0 = Release|x86
		{E4F7F2EF-181F-4E8C-8883-D83B776299F6}.AppStore|x64.ActiveCfg = Release|x64
		{E4F7F2EF-181F-4E8C-8883-D83B776299F6}.AppStore|x64.Build.0 = Release|x64
		{E4F7F2EF-181F-4E8C-8883-D83B776299F6}.AppStore|x64.Deploy.0 = Release|x64
		{E4F7F2EF-181F-4E8C-8883-D83B776299F6}.AppStore|x86.ActiveCfg = Release|x86
		{E4F7F2EF-181F-4E8C-8883-D83B776299F6}.AppStore|x86.Build.0 = Release|x86
		{E4F7F2EF-181F-4E8C-8883-D83B776299F6}.AppStore|x86.Deploy.0 = Release|x86
		{E4F7F2EF-181F-4E8C-8883-D83B776299F6}.Debug|Any CPU.ActiveCfg = Debug|x86
		{E4F7F2EF-181F-4E8C-8883-D83B776299F6}.Debug|ARM.ActiveCfg = Debug|ARM
		{E4F7F2EF-181F-4E8C-8883-D83B776299F6}.Debug|ARM.Build.0 = Debug|ARM
		{E4F7F2EF-181F-4E8C-8883-D83B776299F6}.Debug|ARM.Deploy.0 = Debug|ARM
		{E4F7F2EF-181F-4E8C-8883-D83B776299F6}.Debug|iPhone.ActiveCfg = Debug|x86
		{E4F7F2EF-181F-4E8C-8883-D83B776299F6}.Debug|iPhoneSimulator.ActiveCfg = Debug|x86
		{E4F7F2EF-181F-4E8C-8883-D83B776299F6}.Debug|x64.ActiveCfg = Debug|x64
		{E4F7F2EF-181F-4E8C-8883-D83B776299F6}.Debug|x64.Build.0 = Debug|x64
		{E4F7F2EF-181F-4E8C-8883-D83B776299F6}.Debug|x64.Deploy.0 = Debug|x64
		{E4F7F2EF-181F-4E8C-8883-D83B776299F6}.Debug|x86.ActiveCfg = Debug|x86
		{E4F7F2EF-181F-4E8C-8883-D83B776299F6}.Debug|x86.Build.0 = Debug|x86
		{E4F7F2EF-181F-4E8C-8883-D83B776299F6}.Debug|x86.Deploy.0 = Debug|x86
		{E4F7F2EF-181F-4E8C-8883-D83B776299F6}.Release|Any CPU.ActiveCfg = Release|x86
		{E4F7F2EF-181F-4E8C-8883-D83B776299F6}.Release|ARM.ActiveCfg = Release|ARM
		{E4F7F2EF-181F-4E8C-8883-D83B776299F6}.Release|ARM.Build.0 = Release|ARM
		{E4F7F2EF-181F-4E8C-8883-D83B776299F6}.Release|ARM.Deploy.0 = Release|ARM
		{E4F7F2EF-181F-4E8C-8883-D83B776299F6}.Release|iPhone.ActiveCfg = Release|x86
		{E4F7F2EF-181F-4E8C-8883-D83B776299F6}.Release|iPhoneSimulator.ActiveCfg = Release|x86
		{E4F7F2EF-181F-4E8C-8883-D83B776299F6}.Release|x64.ActiveCfg = Release|x64
		{E4F7F2EF-181F-4E8C-8883-D83B776299F6}.Release|x64.Build.0 = Release|x64
		{E4F7F2EF-181F-4E8C-8883-D83B776299F6}.Release|x64.Deploy.0 = Release|x64
		{E4F7F2EF-181F-4E8C-8883-D83B776299F6}.Release|x86.ActiveCfg = Release|x86
		{E4F7F2EF-181F-4E8C-8883-D83B776299F6}.Release|x86.Build.0 = Release|x86
		{E4F7F2EF-181F-4E8C-8883-D83B776299F6}.Release|x86.Deploy.0 = Release|x86
	EndGlobalSection
	GlobalSection(SolutionProperties) = preSolution
		HideSolutionNode = FALSE
	EndGlobalSection
	GlobalSection(NestedProjects) = preSolution
		{AF6973C3-B022-431D-99E9-259A60AD1ED0} = {32EA7E63-A1FD-4A38-985E-8B7CE57C4DB6}
	EndGlobalSection
EndGlobal
